// !$*UTF8*$!
{
	archiveVersion = 1;
	classes = {
	};
	objectVersion = 56;
	objects = {

/* Begin PBXBuildFile section */
		FA817FF02AB015BF0057C583 /* main.swift in Sources */ = {isa = PBXBuildFile; fileRef = FA817FEF2AB015BF0057C583 /* main.swift */; };
		FA8180042AB016480057C583 /* DoubleLinkedList.swift in Sources */ = {isa = PBXBuildFile; fileRef = FA817FFE2AB016480057C583 /* DoubleLinkedList.swift */; };
		FA8180052AB016480057C583 /* Stack.swift in Sources */ = {isa = PBXBuildFile; fileRef = FA817FFF2AB016480057C583 /* Stack.swift */; };
		FA8180062AB016480057C583 /* Dequeue.swift in Sources */ = {isa = PBXBuildFile; fileRef = FA8180002AB016480057C583 /* Dequeue.swift */; };
		FA8180072AB016480057C583 /* List.swift in Sources */ = {isa = PBXBuildFile; fileRef = FA8180012AB016480057C583 /* List.swift */; };
		FA8180082AB016480057C583 /* Queue.swift in Sources */ = {isa = PBXBuildFile; fileRef = FA8180022AB016480057C583 /* Queue.swift */; };
		FA8180092AB016480057C583 /* LinkedList.swift in Sources */ = {isa = PBXBuildFile; fileRef = FA8180032AB016480057C583 /* LinkedList.swift */; };
		FA81800D2AB08D270057C583 /* BinaryHeap.swift in Sources */ = {isa = PBXBuildFile; fileRef = FA81800C2AB08D270057C583 /* BinaryHeap.swift */; };
		FAC0F72E2AB20C2300C063C1 /* PriorityQueue.swift in Sources */ = {isa = PBXBuildFile; fileRef = FAC0F72D2AB20C2300C063C1 /* PriorityQueue.swift */; };
/* End PBXBuildFile section */

/* Begin PBXCopyFilesBuildPhase section */
		FA817FEA2AB015BF0057C583 /* CopyFiles */ = {
			isa = PBXCopyFilesBuildPhase;
			buildActionMask = 2147483647;
			dstPath = /usr/share/man/man1/;
			dstSubfolderSpec = 0;
			files = (
			);
			runOnlyForDeploymentPostprocessing = 1;
		};
/* End PBXCopyFilesBuildPhase section */

/* Begin PBXFileReference section */
		FA817FEC2AB015BF0057C583 /* SwiftSTLExample */ = {isa = PBXFileReference; explicitFileType = "compiled.mach-o.executable"; includeInIndex = 0; path = SwiftSTLExample; sourceTree = BUILT_PRODUCTS_DIR; };
		FA817FEF2AB015BF0057C583 /* main.swift */ = {isa = PBXFileReference; lastKnownFileType = sourcecode.swift; path = main.swift; sourceTree = "<group>"; };
		FA817FFE2AB016480057C583 /* DoubleLinkedList.swift */ = {isa = PBXFileReference; fileEncoding = 4; lastKnownFileType = sourcecode.swift; path = DoubleLinkedList.swift; sourceTree = "<group>"; };
		FA817FFF2AB016480057C583 /* Stack.swift */ = {isa = PBXFileReference; fileEncoding = 4; lastKnownFileType = sourcecode.swift; path = Stack.swift; sourceTree = "<group>"; };
		FA8180002AB016480057C583 /* Dequeue.swift */ = {isa = PBXFileReference; fileEncoding = 4; lastKnownFileType = sourcecode.swift; path = Dequeue.swift; sourceTree = "<group>"; };
		FA8180012AB016480057C583 /* List.swift */ = {isa = PBXFileReference; fileEncoding = 4; lastKnownFileType = sourcecode.swift; path = List.swift; sourceTree = "<group>"; };
		FA8180022AB016480057C583 /* Queue.swift */ = {isa = PBXFileReference; fileEncoding = 4; lastKnownFileType = sourcecode.swift; path = Queue.swift; sourceTree = "<group>"; };
		FA8180032AB016480057C583 /* LinkedList.swift */ = {isa = PBXFileReference; fileEncoding = 4; lastKnownFileType = sourcecode.swift; path = LinkedList.swift; sourceTree = "<group>"; };
		FA81800C2AB08D270057C583 /* BinaryHeap.swift */ = {isa = PBXFileReference; lastKnownFileType = sourcecode.swift; path = BinaryHeap.swift; sourceTree = "<group>"; };
		FAC0F72D2AB20C2300C063C1 /* PriorityQueue.swift */ = {isa = PBXFileReference; lastKnownFileType = sourcecode.swift; path = PriorityQueue.swift; sourceTree = "<group>"; };
/* End PBXFileReference section */

/* Begin PBXFrameworksBuildPhase section */
		FA817FE92AB015BF0057C583 /* Frameworks */ = {
			isa = PBXFrameworksBuildPhase;
			buildActionMask = 2147483647;
			files = (
			);
			runOnlyForDeploymentPostprocessing = 0;
		};
/* End PBXFrameworksBuildPhase section */

/* Begin PBXGroup section */
		FA817FE32AB015BF0057C583 = {
			isa = PBXGroup;
			children = (
				FA817FEE2AB015BF0057C583 /* SwiftSTLExample */,
				FA817FED2AB015BF0057C583 /* Products */,
			);
			sourceTree = "<group>";
		};
		FA817FED2AB015BF0057C583 /* Products */ = {
			isa = PBXGroup;
			children = (
				FA817FEC2AB015BF0057C583 /* SwiftSTLExample */,
			);
			name = Products;
			sourceTree = "<group>";
		};
		FA817FEE2AB015BF0057C583 /* SwiftSTLExample */ = {
			isa = PBXGroup;
			children = (
				FA817FFD2AB016480057C583 /* SwiftSTL */,
				FA817FEF2AB015BF0057C583 /* main.swift */,
			);
			path = SwiftSTLExample;
			sourceTree = "<group>";
		};
		FA817FFD2AB016480057C583 /* SwiftSTL */ = {
			isa = PBXGroup;
			children = (
				FA8180012AB016480057C583 /* List.swift */,
				FA8180032AB016480057C583 /* LinkedList.swift */,
				FA817FFE2AB016480057C583 /* DoubleLinkedList.swift */,
				FA817FFF2AB016480057C583 /* Stack.swift */,
				FA8180022AB016480057C583 /* Queue.swift */,
				FA8180002AB016480057C583 /* Dequeue.swift */,
				FA81800C2AB08D270057C583 /* BinaryHeap.swift */,
				FAC0F72D2AB20C2300C063C1 /* PriorityQueue.swift */,
			);
			path = SwiftSTL;
			sourceTree = SOURCE_ROOT;
		};
/* End PBXGroup section */

/* Begin PBXNativeTarget section */
		FA817FEB2AB015BF0057C583 /* SwiftSTLExample */ = {
			isa = PBXNativeTarget;
			buildConfigurationList = FA817FF32AB015BF0057C583 /* Build configuration list for PBXNativeTarget "SwiftSTLExample" */;
			buildPhases = (
				FA817FE82AB015BF0057C583 /* Sources */,
				FA817FE92AB015BF0057C583 /* Frameworks */,
				FA817FEA2AB015BF0057C583 /* CopyFiles */,
			);
			buildRules = (
			);
			dependencies = (
			);
			name = SwiftSTLExample;
			productName = SwiftSTLExample;
			productReference = FA817FEC2AB015BF0057C583 /* SwiftSTLExample */;
			productType = "com.apple.product-type.tool";
		};
/* End PBXNativeTarget section */

/* Begin PBXProject section */
		FA817FE42AB015BF0057C583 /* Project object */ = {
			isa = PBXProject;
			attributes = {
				BuildIndependentTargetsInParallel = 1;
				LastSwiftUpdateCheck = 1420;
				LastUpgradeCheck = 1420;
				TargetAttributes = {
					FA817FEB2AB015BF0057C583 = {
						CreatedOnToolsVersion = 14.2;
					};
				};
			};
			buildConfigurationList = FA817FE72AB015BF0057C583 /* Build configuration list for PBXProject "SwiftSTLExample" */;
			compatibilityVersion = "Xcode 14.0";
			developmentRegion = en;
			hasScannedForEncodings = 0;
			knownRegions = (
				en,
				Base,
			);
			mainGroup = FA817FE32AB015BF0057C583;
			productRefGroup = FA817FED2AB015BF0057C583 /* Products */;
			projectDirPath = "";
			projectRoot = "";
			targets = (
				FA817FEB2AB015BF0057C583 /* SwiftSTLExample */,
			);
		};
/* End PBXProject section */

/* Begin PBXSourcesBuildPhase section */
		FA817FE82AB015BF0057C583 /* Sources */ = {
			isa = PBXSourcesBuildPhase;
			buildActionMask = 2147483647;
			files = (
				FA817FF02AB015BF0057C583 /* main.swift in Sources */,
				FA8180082AB016480057C583 /* Queue.swift in Sources */,
				FA8180052AB016480057C583 /* Stack.swift in Sources */,
				FA8180062AB016480057C583 /* Dequeue.swift in Sources */,
				FA8180072AB016480057C583 /* List.swift in Sources */,
				FAC0F72E2AB20C2300C063C1 /* PriorityQueue.swift in Sources */,
				FA8180042AB016480057C583 /* DoubleLinkedList.swift in Sources */,
				FA81800D2AB08D270057C583 /* BinaryHeap.swift in Sources */,
				FA8180092AB016480057C583 /* LinkedList.swift in Sources */,
			);
			runOnlyForDeploymentPostprocessing = 0;
		};
/* End PBXSourcesBuildPhase section */

/* Begin XCBuildConfiguration section */
		FA817FF12AB015BF0057C583 /* Debug */ = {
			isa = XCBuildConfiguration;
			buildSettings = {
				ALWAYS_SEARCH_USER_PATHS = NO;
				CLANG_ANALYZER_NONNULL = YES;
				CLANG_ANALYZER_NUMBER_OBJECT_CONVERSION = YES_AGGRESSIVE;
				CLANG_CXX_LANGUAGE_STANDARD = "gnu++20";
				CLANG_ENABLE_MODULES = YES;
				CLANG_ENABLE_OBJC_ARC = YES;
				CLANG_ENABLE_OBJC_WEAK = YES;
				CLANG_WARN_BLOCK_CAPTURE_AUTORELEASING = YES;
				CLANG_WARN_BOOL_CONVERSION = YES;
				CLANG_WARN_COMMA = YES;
				CLANG_WARN_CONSTANT_CONVERSION = YES;
				CLANG_WARN_DEPRECATED_OBJC_IMPLEMENTATIONS = YES;
				CLANG_WARN_DIRECT_OBJC_ISA_USAGE = YES_ERROR;
				CLANG_WARN_DOCUMENTATION_COMMENTS = YES;
				CLANG_WARN_EMPTY_BODY = YES;
				CLANG_WARN_ENUM_CONVERSION = YES;
				CLANG_WARN_INFINITE_RECURSION = YES;
				CLANG_WARN_INT_CONVERSION = YES;
				CLANG_WARN_NON_LITERAL_NULL_CONVERSION = YES;
				CLANG_WARN_OBJC_IMPLICIT_RETAIN_SELF = YES;
				CLANG_WARN_OBJC_LITERAL_CONVERSION = YES;
				CLANG_WARN_OBJC_ROOT_CLASS = YES_ERROR;
				CLANG_WARN_QUOTED_INCLUDE_IN_FRAMEWORK_HEADER = YES;
				CLANG_WARN_RANGE_LOOP_ANALYSIS = YES;
				CLANG_WARN_STRICT_PROTOTYPES = YES;
				CLANG_WARN_SUSPICIOUS_MOVE = YES;
				CLANG_WARN_UNGUARDED_AVAILABILITY = YES_AGGRESSIVE;
				CLANG_WARN_UNREACHABLE_CODE = YES;
				CLANG_WARN__DUPLICATE_METHOD_MATCH = YES;
				COPY_PHASE_STRIP = NO;
				DEBUG_INFORMATION_FORMAT = dwarf;
				ENABLE_STRICT_OBJC_MSGSEND = YES;
				ENABLE_TESTABILITY = YES;
				GCC_C_LANGUAGE_STANDARD = gnu11;
				GCC_DYNAMIC_NO_PIC = NO;
				GCC_NO_COMMON_BLOCKS = YES;
				GCC_OPTIMIZATION_LEVEL = 0;
				GCC_PREPROCESSOR_DEFINITIONS = (
					"DEBUG=1",
					"$(inherited)",
				);
				GCC_WARN_64_TO_32_BIT_CONVERSION = YES;
				GCC_WARN_ABOUT_RETURN_TYPE = YES_ERROR;
				GCC_WARN_UNDECLARED_SELECTOR = YES;
				GCC_WARN_UNINITIALIZED_AUTOS = YES_AGGRESSIVE;
				GCC_WARN_UNUSED_FUNCTION = YES;
				GCC_WARN_UNUSED_VARIABLE = YES;
				MACOSX_DEPLOYMENT_TARGET = 10.15;
				MTL_ENABLE_DEBUG_INFO = INCLUDE_SOURCE;
				MTL_FAST_MATH = YES;
				ONLY_ACTIVE_ARCH = YES;
				SDKROOT = macosx;
				SWIFT_ACTIVE_COMPILATION_CONDITIONS = DEBUG;
				SWIFT_OPTIMIZATION_LEVEL = "-Onone";
			};
			name = Debug;
		};
		FA817FF22AB015BF0057C583 /* Release */ = {
			isa = XCBuildConfiguration;
			buildSettings = {
				ALWAYS_SEARCH_USER_PATHS = NO;
				CLANG_ANALYZER_NONNULL = YES;
				CLANG_ANALYZER_NUMBER_OBJECT_CONVERSION = YES_AGGRESSIVE;
				CLANG_CXX_LANGUAGE_STANDARD = "gnu++20";
				CLANG_ENABLE_MODULES = YES;
				CLANG_ENABLE_OBJC_ARC = YES;
				CLANG_ENABLE_OBJC_WEAK = YES;
				CLANG_WARN_BLOCK_CAPTURE_AUTORELEASING = YES;
				CLANG_WARN_BOOL_CONVERSION = YES;
				CLANG_WARN_COMMA = YES;
				CLANG_WARN_CONSTANT_CONVERSION = YES;
				CLANG_WARN_DEPRECATED_OBJC_IMPLEMENTATIONS = YES;
				CLANG_WARN_DIRECT_OBJC_ISA_USAGE = YES_ERROR;
				CLANG_WARN_DOCUMENTATION_COMMENTS = YES;
				CLANG_WARN_EMPTY_BODY = YES;
				CLANG_WARN_ENUM_CONVERSION = YES;
				CLANG_WARN_INFINITE_RECURSION = YES;
				CLANG_WARN_INT_CONVERSION = YES;
				CLANG_WARN_NON_LITERAL_NULL_CONVERSION = YES;
				CLANG_WARN_OBJC_IMPLICIT_RETAIN_SELF = YES;
				CLANG_WARN_OBJC_LITERAL_CONVERSION = YES;
				CLANG_WARN_OBJC_ROOT_CLASS = YES_ERROR;
				CLANG_WARN_QUOTED_INCLUDE_IN_FRAMEWORK_HEADER = YES;
				CLANG_WARN_RANGE_LOOP_ANALYSIS = YES;
				CLANG_WARN_STRICT_PROTOTYPES = YES;
				CLANG_WARN_SUSPICIOUS_MOVE = YES;
				CLANG_WARN_UNGUARDED_AVAILABILITY = YES_AGGRESSIVE;
				CLANG_WARN_UNREACHABLE_CODE = YES;
				CLANG_WARN__DUPLICATE_METHOD_MATCH = YES;
				COPY_PHASE_STRIP = NO;
				DEBUG_INFORMATION_FORMAT = "dwarf-with-dsym";
				ENABLE_NS_ASSERTIONS = NO;
				ENABLE_STRICT_OBJC_MSGSEND = YES;
				GCC_C_LANGUAGE_STANDARD = gnu11;
				GCC_NO_COMMON_BLOCKS = YES;
				GCC_WARN_64_TO_32_BIT_CONVERSION = YES;
				GCC_WARN_ABOUT_RETURN_TYPE = YES_ERROR;
				GCC_WARN_UNDECLARED_SELECTOR = YES;
				GCC_WARN_UNINITIALIZED_AUTOS = YES_AGGRESSIVE;
				GCC_WARN_UNUSED_FUNCTION = YES;
				GCC_WARN_UNUSED_VARIABLE = YES;
				MACOSX_DEPLOYMENT_TARGET = 10.15;
				MTL_ENABLE_DEBUG_INFO = NO;
				MTL_FAST_MATH = YES;
				SDKROOT = macosx;
				SWIFT_COMPILATION_MODE = wholemodule;
				SWIFT_OPTIMIZATION_LEVEL = "-O";
			};
			name = Release;
		};
		FA817FF42AB015BF0057C583 /* Debug */ = {
			isa = XCBuildConfiguration;
			buildSettings = {
				CODE_SIGN_STYLE = Automatic;
				DEVELOPMENT_TEAM = YT98RL5YQN;
				ENABLE_HARDENED_RUNTIME = YES;
				MACOSX_DEPLOYMENT_TARGET = 10.15;
				PRODUCT_NAME = "$(TARGET_NAME)";
				SWIFT_VERSION = 5.0;
			};
			name = Debug;
		};
		FA817FF52AB015BF0057C583 /* Release */ = {
			isa = XCBuildConfiguration;
			buildSettings = {
				CODE_SIGN_STYLE = Automatic;
				DEVELOPMENT_TEAM = YT98RL5YQN;
				ENABLE_HARDENED_RUNTIME = YES;
				MACOSX_DEPLOYMENT_TARGET = 10.15;
				PRODUCT_NAME = "$(TARGET_NAME)";
				SWIFT_VERSION = 5.0;
			};
			name = Release;
		};
/* End XCBuildConfiguration section */

/* Begin XCConfigurationList section */
		FA817FE72AB015BF0057C583 /* Build configuration list for PBXProject "SwiftSTLExample" */ = {
			isa = XCConfigurationList;
			buildConfigurations = (
				FA817FF12AB015BF0057C583 /* Debug */,
				FA817FF22AB015BF0057C583 /* Release */,
			);
			defaultConfigurationIsVisible = 0;
			defaultConfigurationName = Release;
		};
		FA817FF32AB015BF0057C583 /* Build configuration list for PBXNativeTarget "SwiftSTLExample" */ = {
			isa = XCConfigurationList;
			buildConfigurations = (
				FA817FF42AB015BF0057C583 /* Debug */,
				FA817FF52AB015BF0057C583 /* Release */,
			);
			defaultConfigurationIsVisible = 0;
			defaultConfigurationName = Release;
		};
/* End XCConfigurationList section */
	};
	rootObject = FA817FE42AB015BF0057C583 /* Project object */;
}
